lockfileVersion: '9.0'

settings:
  autoInstallPeers: true
  excludeLinksFromLockfile: false

importers:

  .:
    dependencies:
      jsx-slack:
        specifier: ^6.0.0
        version: 6.1.2
      slack-blockbook:
        specifier: link:..
        version: link:..

packages:

  '@slack/types@2.19.0':
    resolution: {integrity: sha512-7+QZ38HGcNh/b/7MpvPG6jnw7mliV6UmrquJLqgdxkzJgQEYUcEztvFWRU49z0x4vthF0ixL5lTK601AXrS8IA==}
    engines: {node: '>= 12.13.0', npm: '>= 6.12.0'}

  jsx-slack@6.1.2:
    resolution: {integrity: sha512-IQ182499drvMKIhnrYDvYKKs/0vc9hk7yz0ssowfLJp9mRtXmwaVSxoceuWz76zjG2sl1uXaOX75nQPVXNMxXA==}
    engines: {node: '>=14'}

snapshots:

  '@slack/types@2.19.0': {}

  jsx-slack@6.1.2:
    dependencies:
      '@slack/types': 2.19.0
